// !$*UTF8*$!
{
	archiveVersion = 1;
	classes = {
	};
	objectVersion = 55;
	objects = {

/* Begin PBXBuildFile section */
		0B1A9CC728C345430016A159 /* GenerateTableVC.swift in Sources */ = {isa = PBXBuildFile; fileRef = 0B1A9CC628C345430016A159 /* GenerateTableVC.swift */; };
		0B1A9CC928C345820016A159 /* GenerateTableViewCell.swift in Sources */ = {isa = PBXBuildFile; fileRef = 0B1A9CC828C345820016A159 /* GenerateTableViewCell.swift */; };
		0B1A9CCB28C346940016A159 /* TestModel.swift in Sources */ = {isa = PBXBuildFile; fileRef = 0B1A9CCA28C346940016A159 /* TestModel.swift */; };
		0B1A9CCF28C4ECC30016A159 /* SaveTestTableVC.swift in Sources */ = {isa = PBXBuildFile; fileRef = 0B1A9CCE28C4ECC30016A159 /* SaveTestTableVC.swift */; };
		0B4C050828BA4FD900891747 /* AppDelegate.swift in Sources */ = {isa = PBXBuildFile; fileRef = 0B4C050728BA4FD900891747 /* AppDelegate.swift */; };
		0B4C050A28BA4FD900891747 /* SceneDelegate.swift in Sources */ = {isa = PBXBuildFile; fileRef = 0B4C050928BA4FD900891747 /* SceneDelegate.swift */; };
		0B4C050F28BA4FD900891747 /* Main.storyboard in Resources */ = {isa = PBXBuildFile; fileRef = 0B4C050D28BA4FD900891747 /* Main.storyboard */; };
		0B4C051228BA4FD900891747 /* QRGeneratorReader.xcdatamodeld in Sources */ = {isa = PBXBuildFile; fileRef = 0B4C051028BA4FD900891747 /* QRGeneratorReader.xcdatamodeld */; };
		0B4C051428BA4FDA00891747 /* Assets.xcassets in Resources */ = {isa = PBXBuildFile; fileRef = 0B4C051328BA4FDA00891747 /* Assets.xcassets */; };
		0B4C051728BA4FDA00891747 /* LaunchScreen.storyboard in Resources */ = {isa = PBXBuildFile; fileRef = 0B4C051528BA4FDA00891747 /* LaunchScreen.storyboard */; };
		D8B0CED16678639F38E9E44A /* Pods_QRGeneratorReader.framework in Frameworks */ = {isa = PBXBuildFile; fileRef = AD1D3513E995DEECDD5707BB /* Pods_QRGeneratorReader.framework */; };
/* End PBXBuildFile section */

/* Begin PBXFileReference section */
		0B1A9CC628C345430016A159 /* GenerateTableVC.swift */ = {isa = PBXFileReference; lastKnownFileType = sourcecode.swift; path = GenerateTableVC.swift; sourceTree = "<group>"; };
		0B1A9CC828C345820016A159 /* GenerateTableViewCell.swift */ = {isa = PBXFileReference; lastKnownFileType = sourcecode.swift; path = GenerateTableViewCell.swift; sourceTree = "<group>"; };
		0B1A9CCA28C346940016A159 /* TestModel.swift */ = {isa = PBXFileReference; lastKnownFileType = sourcecode.swift; path = TestModel.swift; sourceTree = "<group>"; };
		0B1A9CCE28C4ECC30016A159 /* SaveTestTableVC.swift */ = {isa = PBXFileReference; lastKnownFileType = sourcecode.swift; path = SaveTestTableVC.swift; sourceTree = "<group>"; };
		0B4C050428BA4FD900891747 /* QRGeneratorReader.app */ = {isa = PBXFileReference; explicitFileType = wrapper.application; includeInIndex = 0; path = QRGeneratorReader.app; sourceTree = BUILT_PRODUCTS_DIR; };
		0B4C050728BA4FD900891747 /* AppDelegate.swift */ = {isa = PBXFileReference; lastKnownFileType = sourcecode.swift; path = AppDelegate.swift; sourceTree = "<group>"; };
		0B4C050928BA4FD900891747 /* SceneDelegate.swift */ = {isa = PBXFileReference; lastKnownFileType = sourcecode.swift; path = SceneDelegate.swift; sourceTree = "<group>"; };
		0B4C050E28BA4FD900891747 /* Base */ = {isa = PBXFileReference; lastKnownFileType = file.storyboard; name = Base; path = Base.lproj/Main.storyboard; sourceTree = "<group>"; };
		0B4C051128BA4FD900891747 /* QRGeneratorReader.xcdatamodel */ = {isa = PBXFileReference; lastKnownFileType = wrapper.xcdatamodel; path = QRGeneratorReader.xcdatamodel; sourceTree = "<group>"; };
		0B4C051328BA4FDA00891747 /* Assets.xcassets */ = {isa = PBXFileReference; lastKnownFileType = folder.assetcatalog; path = Assets.xcassets; sourceTree = "<group>"; };
		0B4C051628BA4FDA00891747 /* Base */ = {isa = PBXFileReference; lastKnownFileType = file.storyboard; name = Base; path = Base.lproj/LaunchScreen.storyboard; sourceTree = "<group>"; };
		0B4C051828BA4FDA00891747 /* Info.plist */ = {isa = PBXFileReference; lastKnownFileType = text.plist.xml; path = Info.plist; sourceTree = "<group>"; };
		4439684347A3D96D134E614D /* Pods-QRGeneratorReader.debug.xcconfig */ = {isa = PBXFileReference; includeInIndex = 1; lastKnownFileType = text.xcconfig; name = "Pods-QRGeneratorReader.debug.xcconfig"; path = "Target Support Files/Pods-QRGeneratorReader/Pods-QRGeneratorReader.debug.xcconfig"; sourceTree = "<group>"; };
		AD1D3513E995DEECDD5707BB /* Pods_QRGeneratorReader.framework */ = {isa = PBXFileReference; explicitFileType = wrapper.framework; includeInIndex = 0; path = Pods_QRGeneratorReader.framework; sourceTree = BUILT_PRODUCTS_DIR; };
		E94B0ABFBF8509481B9119CB /* Pods-QRGeneratorReader.release.xcconfig */ = {isa = PBXFileReference; includeInIndex = 1; lastKnownFileType = text.xcconfig; name = "Pods-QRGeneratorReader.release.xcconfig"; path = "Target Support Files/Pods-QRGeneratorReader/Pods-QRGeneratorReader.release.xcconfig"; sourceTree = "<group>"; };
/* End PBXFileReference section */

/* Begin PBXFrameworksBuildPhase section */
		0B4C050128BA4FD900891747 /* Frameworks */ = {
			isa = PBXFrameworksBuildPhase;
			buildActionMask = 2147483647;
			files = (
				D8B0CED16678639F38E9E44A /* Pods_QRGeneratorReader.framework in Frameworks */,
			);
			runOnlyForDeploymentPostprocessing = 0;
		};
/* End PBXFrameworksBuildPhase section */

/* Begin PBXGroup section */
		06D9021F643EC768BFFEB82A /* Frameworks */ = {
			isa = PBXGroup;
			children = (
				AD1D3513E995DEECDD5707BB /* Pods_QRGeneratorReader.framework */,
			);
			name = Frameworks;
			sourceTree = "<group>";
		};
		0B4C04FB28BA4FD900891747 = {
			isa = PBXGroup;
			children = (
				0B4C050628BA4FD900891747 /* QRGeneratorReader */,
				0B4C050528BA4FD900891747 /* Products */,
				A59B9D27AE02BD2DB5290D5D /* Pods */,
				06D9021F643EC768BFFEB82A /* Frameworks */,
			);
			sourceTree = "<group>";
		};
		0B4C050528BA4FD900891747 /* Products */ = {
			isa = PBXGroup;
			children = (
				0B4C050428BA4FD900891747 /* QRGeneratorReader.app */,
			);
			name = Products;
			sourceTree = "<group>";
		};
		0B4C050628BA4FD900891747 /* QRGeneratorReader */ = {
			isa = PBXGroup;
			children = (
				0B4C050728BA4FD900891747 /* AppDelegate.swift */,
				0B4C050928BA4FD900891747 /* SceneDelegate.swift */,
				0B4C051F28BA4FF100891747 /* Model */,
				0B4C052028BA4FFF00891747 /* View */,
				0B4C051E28BA4FE100891747 /* Controller */,
				0B4C051328BA4FDA00891747 /* Assets.xcassets */,
				0B4C051528BA4FDA00891747 /* LaunchScreen.storyboard */,
				0B4C051828BA4FDA00891747 /* Info.plist */,
				0B4C051028BA4FD900891747 /* QRGeneratorReader.xcdatamodeld */,
			);
			path = QRGeneratorReader;
			sourceTree = "<group>";
		};
		0B4C051E28BA4FE100891747 /* Controller */ = {
			isa = PBXGroup;
			children = (
				0B1A9CC628C345430016A159 /* GenerateTableVC.swift */,
				0B1A9CCE28C4ECC30016A159 /* SaveTestTableVC.swift */,
			);
			path = Controller;
			sourceTree = "<group>";
		};
		0B4C051F28BA4FF100891747 /* Model */ = {
			isa = PBXGroup;
			children = (
				0B1A9CCA28C346940016A159 /* TestModel.swift */,
			);
			path = Model;
			sourceTree = "<group>";
		};
		0B4C052028BA4FFF00891747 /* View */ = {
			isa = PBXGroup;
			children = (
				0B4C050D28BA4FD900891747 /* Main.storyboard */,
				0B1A9CC828C345820016A159 /* GenerateTableViewCell.swift */,
			);
			path = View;
			sourceTree = "<group>";
		};
		A59B9D27AE02BD2DB5290D5D /* Pods */ = {
			isa = PBXGroup;
			children = (
				4439684347A3D96D134E614D /* Pods-QRGeneratorReader.debug.xcconfig */,
				E94B0ABFBF8509481B9119CB /* Pods-QRGeneratorReader.release.xcconfig */,
			);
			path = Pods;
			sourceTree = "<group>";
		};
/* End PBXGroup section */

/* Begin PBXNativeTarget section */
		0B4C050328BA4FD900891747 /* QRGeneratorReader */ = {
			isa = PBXNativeTarget;
			buildConfigurationList = 0B4C051B28BA4FDA00891747 /* Build configuration list for PBXNativeTarget "QRGeneratorReader" */;
			buildPhases = (
				85F19169577B89161E45AAF0 /* [CP] Check Pods Manifest.lock */,
				0B4C050028BA4FD900891747 /* Sources */,
				0B4C050128BA4FD900891747 /* Frameworks */,
				0B4C050228BA4FD900891747 /* Resources */,
				E0D2B2C8DACE2E8561341396 /* [CP] Embed Pods Frameworks */,
			);
			buildRules = (
			);
			dependencies = (
			);
			name = QRGeneratorReader;
			productName = QRGeneratorReader;
			productReference = 0B4C050428BA4FD900891747 /* QRGeneratorReader.app */;
			productType = "com.apple.product-type.application";
		};
/* End PBXNativeTarget section */

/* Begin PBXProject section */
		0B4C04FC28BA4FD900891747 /* Project object */ = {
			isa = PBXProject;
			attributes = {
				BuildIndependentTargetsInParallel = 1;
				LastSwiftUpdateCheck = 1340;
				LastUpgradeCheck = 1340;
				TargetAttributes = {
					0B4C050328BA4FD900891747 = {
						CreatedOnToolsVersion = 13.4;
					};
				};
			};
			buildConfigurationList = 0B4C04FF28BA4FD900891747 /* Build configuration list for PBXProject "QRGeneratorReader" */;
			compatibilityVersion = "Xcode 13.0";
			developmentRegion = en;
			hasScannedForEncodings = 0;
			knownRegions = (
				en,
				Base,
			);
			mainGroup = 0B4C04FB28BA4FD900891747;
			productRefGroup = 0B4C050528BA4FD900891747 /* Products */;
			projectDirPath = "";
			projectRoot = "";
			targets = (
				0B4C050328BA4FD900891747 /* QRGeneratorReader */,
			);
		};
/* End PBXProject section */

/* Begin PBXResourcesBuildPhase section */
		0B4C050228BA4FD900891747 /* Resources */ = {
			isa = PBXResourcesBuildPhase;
			buildActionMask = 2147483647;
			files = (
				0B4C051728BA4FDA00891747 /* LaunchScreen.storyboard in Resources */,
				0B4C051428BA4FDA00891747 /* Assets.xcassets in Resources */,
				0B4C050F28BA4FD900891747 /* Main.storyboard in Resources */,
			);
			runOnlyForDeploymentPostprocessing = 0;
		};
/* End PBXResourcesBuildPhase section */

/* Begin PBXShellScriptBuildPhase section */
		85F19169577B89161E45AAF0 /* [CP] Check Pods Manifest.lock */ = {
			isa = PBXShellScriptBuildPhase;
			buildActionMask = 2147483647;
			files = (
			);
			inputFileListPaths = (
			);
			inputPaths = (
				"${PODS_PODFILE_DIR_PATH}/Podfile.lock",
				"${PODS_ROOT}/Manifest.lock",
			);
			name = "[CP] Check Pods Manifest.lock";
			outputFileListPaths = (
			);
			outputPaths = (
				"$(DERIVED_FILE_DIR)/Pods-QRGeneratorReader-checkManifestLockResult.txt",
			);
			runOnlyForDeploymentPostprocessing = 0;
			shellPath = /bin/sh;
			shellScript = "diff \"${PODS_PODFILE_DIR_PATH}/Podfile.lock\" \"${PODS_ROOT}/Manifest.lock\" > /dev/null\nif [ $? != 0 ] ; then\n    # print error to STDERR\n    echo \"error: The sandbox is not in sync with the Podfile.lock. Run 'pod install' or update your CocoaPods installation.\" >&2\n    exit 1\nfi\n# This output is used by Xcode 'outputs' to avoid re-running this script phase.\necho \"SUCCESS\" > \"${SCRIPT_OUTPUT_FILE_0}\"\n";
			showEnvVarsInLog = 0;
		};
		E0D2B2C8DACE2E8561341396 /* [CP] Embed Pods Frameworks */ = {
			isa = PBXShellScriptBuildPhase;
			buildActionMask = 2147483647;
			files = (
			);
			inputFileListPaths = (
				"${PODS_ROOT}/Target Support Files/Pods-QRGeneratorReader/Pods-QRGeneratorReader-frameworks-${CONFIGURATION}-input-files.xcfilelist",
			);
			name = "[CP] Embed Pods Frameworks";
			outputFileListPaths = (
				"${PODS_ROOT}/Target Support Files/Pods-QRGeneratorReader/Pods-QRGeneratorReader-frameworks-${CONFIGURATION}-output-files.xcfilelist",
			);
			runOnlyForDeploymentPostprocessing = 0;
			shellPath = /bin/sh;
			shellScript = "\"${PODS_ROOT}/Target Support Files/Pods-QRGeneratorReader/Pods-QRGeneratorReader-frameworks.sh\"\n";
			showEnvVarsInLog = 0;
		};
/* End PBXShellScriptBuildPhase section */

/* Begin PBXSourcesBuildPhase section */
		0B4C050028BA4FD900891747 /* Sources */ = {
			isa = PBXSourcesBuildPhase;
			buildActionMask = 2147483647;
			files = (
				0B1A9CC728C345430016A159 /* GenerateTableVC.swift in Sources */,
				0B4C050828BA4FD900891747 /* AppDelegate.swift in Sources */,
				0B4C050A28BA4FD900891747 /* SceneDelegate.swift in Sources */,
				0B1A9CCF28C4ECC30016A159 /* SaveTestTableVC.swift in Sources */,
				0B1A9CCB28C346940016A159 /* TestModel.swift in Sources */,
				0B1A9CC928C345820016A159 /* GenerateTableViewCell.swift in Sources */,
				0B4C051228BA4FD900891747 /* QRGeneratorReader.xcdatamodeld in Sources */,
			);
			runOnlyForDeploymentPostprocessing = 0;
		};
/* End PBXSourcesBuildPhase section */

/* Begin PBXVariantGroup section */
		0B4C050D28BA4FD900891747 /* Main.storyboard */ = {
			isa = PBXVariantGroup;
			children = (
				0B4C050E28BA4FD900891747 /* Base */,
			);
			name = Main.storyboard;
			sourceTree = "<group>";
		};
		0B4C051528BA4FDA00891747 /* LaunchScreen.storyboard */ = {
			isa = PBXVariantGroup;
			children = (
				0B4C051628BA4FDA00891747 /* Base */,
			);
			name = LaunchScreen.storyboard;
			sourceTree = "<group>";
		};
/* End PBXVariantGroup section */

/* Begin XCBuildConfiguration section */
		0B4C051928BA4FDA00891747 /* Debug */ = {
			isa = XCBuildConfiguration;
			buildSettings = {
				ALWAYS_SEARCH_USER_PATHS = NO;
				CLANG_ANALYZER_NONNULL = YES;
				CLANG_ANALYZER_NUMBER_OBJECT_CONVERSION = YES_AGGRESSIVE;
				CLANG_CXX_LANGUAGE_STANDARD = "gnu++17";
				CLANG_ENABLE_MODULES = YES;
				CLANG_ENABLE_OBJC_ARC = YES;
				CLANG_ENABLE_OBJC_WEAK = YES;
				CLANG_WARN_BLOCK_CAPTURE_AUTORELEASING = YES;
				CLANG_WARN_BOOL_CONVERSION = YES;
				CLANG_WARN_COMMA = YES;
				CLANG_WARN_CONSTANT_CONVERSION = YES;
				CLANG_WARN_DEPRECATED_OBJC_IMPLEMENTATIONS = YES;
				CLANG_WARN_DIRECT_OBJC_ISA_USAGE = YES_ERROR;
				CLANG_WARN_DOCUMENTATION_COMMENTS = YES;
				CLANG_WARN_EMPTY_BODY = YES;
				CLANG_WARN_ENUM_CONVERSION = YES;
				CLANG_WARN_INFINITE_RECURSION = YES;
				CLANG_WARN_INT_CONVERSION = YES;
				CLANG_WARN_NON_LITERAL_NULL_CONVERSION = YES;
				CLANG_WARN_OBJC_IMPLICIT_RETAIN_SELF = YES;
				CLANG_WARN_OBJC_LITERAL_CONVERSION = YES;
				CLANG_WARN_OBJC_ROOT_CLASS = YES_ERROR;
				CLANG_WARN_QUOTED_INCLUDE_IN_FRAMEWORK_HEADER = YES;
				CLANG_WARN_RANGE_LOOP_ANALYSIS = YES;
				CLANG_WARN_STRICT_PROTOTYPES = YES;
				CLANG_WARN_SUSPICIOUS_MOVE = YES;
				CLANG_WARN_UNGUARDED_AVAILABILITY = YES_AGGRESSIVE;
				CLANG_WARN_UNREACHABLE_CODE = YES;
				CLANG_WARN__DUPLICATE_METHOD_MATCH = YES;
				COPY_PHASE_STRIP = NO;
				DEBUG_INFORMATION_FORMAT = dwarf;
				ENABLE_STRICT_OBJC_MSGSEND = YES;
				ENABLE_TESTABILITY = YES;
				GCC_C_LANGUAGE_STANDARD = gnu11;
				GCC_DYNAMIC_NO_PIC = NO;
				GCC_NO_COMMON_BLOCKS = YES;
				GCC_OPTIMIZATION_LEVEL = 0;
				GCC_PREPROCESSOR_DEFINITIONS = (
					"DEBUG=1",
					"$(inherited)",
				);
				GCC_WARN_64_TO_32_BIT_CONVERSION = YES;
				GCC_WARN_ABOUT_RETURN_TYPE = YES_ERROR;
				GCC_WARN_UNDECLARED_SELECTOR = YES;
				GCC_WARN_UNINITIALIZED_AUTOS = YES_AGGRESSIVE;
				GCC_WARN_UNUSED_FUNCTION = YES;
				GCC_WARN_UNUSED_VARIABLE = YES;
				IPHONEOS_DEPLOYMENT_TARGET = 15.5;
				MTL_ENABLE_DEBUG_INFO = INCLUDE_SOURCE;
				MTL_FAST_MATH = YES;
				ONLY_ACTIVE_ARCH = YES;
				SDKROOT = iphoneos;
				SWIFT_ACTIVE_COMPILATION_CONDITIONS = DEBUG;
				SWIFT_OPTIMIZATION_LEVEL = "-Onone";
			};
			name = Debug;
		};
		0B4C051A28BA4FDA00891747 /* Release */ = {
			isa = XCBuildConfiguration;
			buildSettings = {
				ALWAYS_SEARCH_USER_PATHS = NO;
				CLANG_ANALYZER_NONNULL = YES;
				CLANG_ANALYZER_NUMBER_OBJECT_CONVERSION = YES_AGGRESSIVE;
				CLANG_CXX_LANGUAGE_STANDARD = "gnu++17";
				CLANG_ENABLE_MODULES = YES;
				CLANG_ENABLE_OBJC_ARC = YES;
				CLANG_ENABLE_OBJC_WEAK = YES;
				CLANG_WARN_BLOCK_CAPTURE_AUTORELEASING = YES;
				CLANG_WARN_BOOL_CONVERSION = YES;
				CLANG_WARN_COMMA = YES;
				CLANG_WARN_CONSTANT_CONVERSION = YES;
				CLANG_WARN_DEPRECATED_OBJC_IMPLEMENTATIONS = YES;
				CLANG_WARN_DIRECT_OBJC_ISA_USAGE = YES_ERROR;
				CLANG_WARN_DOCUMENTATION_COMMENTS = YES;
				CLANG_WARN_EMPTY_BODY = YES;
				CLANG_WARN_ENUM_CONVERSION = YES;
				CLANG_WARN_INFINITE_RECURSION = YES;
				CLANG_WARN_INT_CONVERSION = YES;
				CLANG_WARN_NON_LITERAL_NULL_CONVERSION = YES;
				CLANG_WARN_OBJC_IMPLICIT_RETAIN_SELF = YES;
				CLANG_WARN_OBJC_LITERAL_CONVERSION = YES;
				CLANG_WARN_OBJC_ROOT_CLASS = YES_ERROR;
				CLANG_WARN_QUOTED_INCLUDE_IN_FRAMEWORK_HEADER = YES;
				CLANG_WARN_RANGE_LOOP_ANALYSIS = YES;
				CLANG_WARN_STRICT_PROTOTYPES = YES;
				CLANG_WARN_SUSPICIOUS_MOVE = YES;
				CLANG_WARN_UNGUARDED_AVAILABILITY = YES_AGGRESSIVE;
				CLANG_WARN_UNREACHABLE_CODE = YES;
				CLANG_WARN__DUPLICATE_METHOD_MATCH = YES;
				COPY_PHASE_STRIP = NO;
				DEBUG_INFORMATION_FORMAT = "dwarf-with-dsym";
				ENABLE_NS_ASSERTIONS = NO;
				ENABLE_STRICT_OBJC_MSGSEND = YES;
				GCC_C_LANGUAGE_STANDARD = gnu11;
				GCC_NO_COMMON_BLOCKS = YES;
				GCC_WARN_64_TO_32_BIT_CONVERSION = YES;
				GCC_WARN_ABOUT_RETURN_TYPE = YES_ERROR;
				GCC_WARN_UNDECLARED_SELECTOR = YES;
				GCC_WARN_UNINITIALIZED_AUTOS = YES_AGGRESSIVE;
				GCC_WARN_UNUSED_FUNCTION = YES;
				GCC_WARN_UNUSED_VARIABLE = YES;
				IPHONEOS_DEPLOYMENT_TARGET = 15.5;
				MTL_ENABLE_DEBUG_INFO = NO;
				MTL_FAST_MATH = YES;
				SDKROOT = iphoneos;
				SWIFT_COMPILATION_MODE = wholemodule;
				SWIFT_OPTIMIZATION_LEVEL = "-O";
				VALIDATE_PRODUCT = YES;
			};
			name = Release;
		};
		0B4C051C28BA4FDA00891747 /* Debug */ = {
			isa = XCBuildConfiguration;
			baseConfigurationReference = 4439684347A3D96D134E614D /* Pods-QRGeneratorReader.debug.xcconfig */;
			buildSettings = {
				ASSETCATALOG_COMPILER_APPICON_NAME = AppIcon;
				ASSETCATALOG_COMPILER_GLOBAL_ACCENT_COLOR_NAME = AccentColor;
				CODE_SIGN_STYLE = Automatic;
				CURRENT_PROJECT_VERSION = 1;
				DEVELOPMENT_TEAM = V783683H2W;
				GENERATE_INFOPLIST_FILE = YES;
				INFOPLIST_FILE = QRGeneratorReader/Info.plist;
				INFOPLIST_KEY_UIApplicationSupportsIndirectInputEvents = YES;
				INFOPLIST_KEY_UILaunchStoryboardName = LaunchScreen;
				INFOPLIST_KEY_UIMainStoryboardFile = Main;
				INFOPLIST_KEY_UISupportedInterfaceOrientations_iPad = "UIInterfaceOrientationPortrait UIInterfaceOrientationPortraitUpsideDown UIInterfaceOrientationLandscapeLeft UIInterfaceOrientationLandscapeRight";
				INFOPLIST_KEY_UISupportedInterfaceOrientations_iPhone = "UIInterfaceOrientationPortrait UIInterfaceOrientationLandscapeLeft UIInterfaceOrientationLandscapeRight";
				LD_RUNPATH_SEARCH_PATHS = (
					"$(inherited)",
					"@executable_path/Frameworks",
				);
				MARKETING_VERSION = 1.0;
				PRODUCT_BUNDLE_IDENTIFIER = AblProduction.QRGeneratorReader;
				PRODUCT_NAME = "$(TARGET_NAME)";
				SWIFT_EMIT_LOC_STRINGS = YES;
				SWIFT_VERSION = 5.0;
				TARGETED_DEVICE_FAMILY = "1,2";
			};
			name = Debug;
		};
		0B4C051D28BA4FDA00891747 /* Release */ = {
			isa = XCBuildConfiguration;
			baseConfigurationReference = E94B0ABFBF8509481B9119CB /* Pods-QRGeneratorReader.release.xcconfig */;
			buildSettings = {
				ASSETCATALOG_COMPILER_APPICON_NAME = AppIcon;
				ASSETCATALOG_COMPILER_GLOBAL_ACCENT_COLOR_NAME = AccentColor;
				CODE_SIGN_STYLE = Automatic;
				CURRENT_PROJECT_VERSION = 1;
				DEVELOPMENT_TEAM = V783683H2W;
				GENERATE_INFOPLIST_FILE = YES;
				INFOPLIST_FILE = QRGeneratorReader/Info.plist;
				INFOPLIST_KEY_UIApplicationSupportsIndirectInputEvents = YES;
				INFOPLIST_KEY_UILaunchStoryboardName = LaunchScreen;
				INFOPLIST_KEY_UIMainStoryboardFile = Main;
				INFOPLIST_KEY_UISupportedInterfaceOrientations_iPad = "UIInterfaceOrientationPortrait UIInterfaceOrientationPortraitUpsideDown UIInterfaceOrientationLandscapeLeft UIInterfaceOrientationLandscapeRight";
				INFOPLIST_KEY_UISupportedInterfaceOrientations_iPhone = "UIInterfaceOrientationPortrait UIInterfaceOrientationLandscapeLeft UIInterfaceOrientationLandscapeRight";
				LD_RUNPATH_SEARCH_PATHS = (
					"$(inherited)",
					"@executable_path/Frameworks",
				);
				MARKETING_VERSION = 1.0;
				PRODUCT_BUNDLE_IDENTIFIER = AblProduction.QRGeneratorReader;
				PRODUCT_NAME = "$(TARGET_NAME)";
				SWIFT_EMIT_LOC_STRINGS = YES;
				SWIFT_VERSION = 5.0;
				TARGETED_DEVICE_FAMILY = "1,2";
			};
			name = Release;
		};
/* End XCBuildConfiguration section */

/* Begin XCConfigurationList section */
		0B4C04FF28BA4FD900891747 /* Build configuration list for PBXProject "QRGeneratorReader" */ = {
			isa = XCConfigurationList;
			buildConfigurations = (
				0B4C051928BA4FDA00891747 /* Debug */,
				0B4C051A28BA4FDA00891747 /* Release */,
			);
			defaultConfigurationIsVisible = 0;
			defaultConfigurationName = Release;
		};
		0B4C051B28BA4FDA00891747 /* Build configuration list for PBXNativeTarget "QRGeneratorReader" */ = {
			isa = XCConfigurationList;
			buildConfigurations = (
				0B4C051C28BA4FDA00891747 /* Debug */,
				0B4C051D28BA4FDA00891747 /* Release */,
			);
			defaultConfigurationIsVisible = 0;
			defaultConfigurationName = Release;
		};
/* End XCConfigurationList section */

/* Begin XCVersionGroup section */
		0B4C051028BA4FD900891747 /* QRGeneratorReader.xcdatamodeld */ = {
			isa = XCVersionGroup;
			children = (
				0B4C051128BA4FD900891747 /* QRGeneratorReader.xcdatamodel */,
			);
			currentVersion = 0B4C051128BA4FD900891747 /* QRGeneratorReader.xcdatamodel */;
			path = QRGeneratorReader.xcdatamodeld;
			sourceTree = "<group>";
			versionGroupType = wrapper.xcdatamodel;
		};
/* End XCVersionGroup section */
	};
	rootObject = 0B4C04FC28BA4FD900891747 /* Project object */;
}
